// !$*UTF8*$!
{
	archiveVersion = 1;
	classes = {
	};
	objectVersion = 46;
	objects = {

/* Begin PBXBuildFile section */
		075AF66761AAF41A1FA879F3 /* Pods_Poll.framework in Frameworks */ = {isa = PBXBuildFile; fileRef = E645025FD6AA1C008B93ED08 /* Pods_Poll.framework */; };
		1247A3BB158EB8700F18D28E /* Pods_PollTests.framework in Frameworks */ = {isa = PBXBuildFile; fileRef = BA436B3817D64F88338E4452 /* Pods_PollTests.framework */; };
		ED07A0C10128B7FBC9AB6E23 /* Pods_PollUITests.framework in Frameworks */ = {isa = PBXBuildFile; fileRef = 601CF2AF9847AF9E37ABC290 /* Pods_PollUITests.framework */; };
		FA01F4601D822DFD00CDC976 /* AppDelegate.swift in Sources */ = {isa = PBXBuildFile; fileRef = FA01F45F1D822DFD00CDC976 /* AppDelegate.swift */; };
		FA01F4621D822DFD00CDC976 /* FirstViewController.swift in Sources */ = {isa = PBXBuildFile; fileRef = FA01F4611D822DFD00CDC976 /* FirstViewController.swift */; };
		FA01F4641D822DFD00CDC976 /* SecondViewController.swift in Sources */ = {isa = PBXBuildFile; fileRef = FA01F4631D822DFD00CDC976 /* SecondViewController.swift */; };
		FA01F4671D822DFD00CDC976 /* Main.storyboard in Resources */ = {isa = PBXBuildFile; fileRef = FA01F4651D822DFD00CDC976 /* Main.storyboard */; };
		FA01F4691D822DFD00CDC976 /* Assets.xcassets in Resources */ = {isa = PBXBuildFile; fileRef = FA01F4681D822DFD00CDC976 /* Assets.xcassets */; };
		FA01F46C1D822DFD00CDC976 /* LaunchScreen.storyboard in Resources */ = {isa = PBXBuildFile; fileRef = FA01F46A1D822DFD00CDC976 /* LaunchScreen.storyboard */; };
		FA01F4821D822DFD00CDC976 /* PollUITests.swift in Sources */ = {isa = PBXBuildFile; fileRef = FA01F4811D822DFD00CDC976 /* PollUITests.swift */; };
		FA73B9CC1D8637B200D78B1C /* CommonAnimations.swift in Sources */ = {isa = PBXBuildFile; fileRef = FA73B9C91D8637B200D78B1C /* CommonAnimations.swift */; };
		FA73B9CD1D8637B200D78B1C /* DismissingAnimator.swift in Sources */ = {isa = PBXBuildFile; fileRef = FA73B9CA1D8637B200D78B1C /* DismissingAnimator.swift */; };
		FA73B9CE1D8637B200D78B1C /* PresentingAnimator.swift in Sources */ = {isa = PBXBuildFile; fileRef = FA73B9CB1D8637B200D78B1C /* PresentingAnimator.swift */; };
		FA73B9D01D863B8200D78B1C /* UIView+Utils.swift in Sources */ = {isa = PBXBuildFile; fileRef = FA73B9CF1D863B8200D78B1C /* UIView+Utils.swift */; };
		FA73B9D21D863F8500D78B1C /* QuestionViewController+UITableView.swift in Sources */ = {isa = PBXBuildFile; fileRef = FA73B9D11D863F8500D78B1C /* QuestionViewController+UITableView.swift */; };
		FA73B9D51D86415800D78B1C /* ChoiceTableViewCell.swift in Sources */ = {isa = PBXBuildFile; fileRef = FA73B9D41D86415800D78B1C /* ChoiceTableViewCell.swift */; };
		FA7825491D84D9190087C920 /* QuestionsWireframe.swift in Sources */ = {isa = PBXBuildFile; fileRef = FA7825481D84D9190087C920 /* QuestionsWireframe.swift */; };
		FA7F3EB31D84F65E0048EF7B /* OpenSans-Bold.ttf in Resources */ = {isa = PBXBuildFile; fileRef = FA7F3EA91D84F65E0048EF7B /* OpenSans-Bold.ttf */; };
		FA7F3EB41D84F65E0048EF7B /* OpenSans-BoldItalic.ttf in Resources */ = {isa = PBXBuildFile; fileRef = FA7F3EAA1D84F65E0048EF7B /* OpenSans-BoldItalic.ttf */; };
		FA7F3EB51D84F65E0048EF7B /* OpenSans-ExtraBold.ttf in Resources */ = {isa = PBXBuildFile; fileRef = FA7F3EAB1D84F65E0048EF7B /* OpenSans-ExtraBold.ttf */; };
		FA7F3EB61D84F65E0048EF7B /* OpenSans-ExtraBoldItalic.ttf in Resources */ = {isa = PBXBuildFile; fileRef = FA7F3EAC1D84F65E0048EF7B /* OpenSans-ExtraBoldItalic.ttf */; };
		FA7F3EB71D84F65E0048EF7B /* OpenSans-Italic.ttf in Resources */ = {isa = PBXBuildFile; fileRef = FA7F3EAD1D84F65E0048EF7B /* OpenSans-Italic.ttf */; };
		FA7F3EB81D84F65E0048EF7B /* OpenSans-Light.ttf in Resources */ = {isa = PBXBuildFile; fileRef = FA7F3EAE1D84F65E0048EF7B /* OpenSans-Light.ttf */; };
		FA7F3EB91D84F65E0048EF7B /* OpenSans-LightItalic.ttf in Resources */ = {isa = PBXBuildFile; fileRef = FA7F3EAF1D84F65E0048EF7B /* OpenSans-LightItalic.ttf */; };
		FA7F3EBA1D84F65E0048EF7B /* OpenSans-Regular.ttf in Resources */ = {isa = PBXBuildFile; fileRef = FA7F3EB01D84F65E0048EF7B /* OpenSans-Regular.ttf */; };
		FA7F3EBB1D84F65E0048EF7B /* OpenSans-Semibold.ttf in Resources */ = {isa = PBXBuildFile; fileRef = FA7F3EB11D84F65E0048EF7B /* OpenSans-Semibold.ttf */; };
		FA7F3EBC1D84F65E0048EF7B /* OpenSans-SemiboldItalic.ttf in Resources */ = {isa = PBXBuildFile; fileRef = FA7F3EB21D84F65E0048EF7B /* OpenSans-SemiboldItalic.ttf */; };
		FA7F3EBE1D84F7530048EF7B /* Localizable.strings in Resources */ = {isa = PBXBuildFile; fileRef = FA7F3EBD1D84F7530048EF7B /* Localizable.strings */; };
		FA7F3EC11D84F92E0048EF7B /* CommonProtocols.swift in Sources */ = {isa = PBXBuildFile; fileRef = FA7F3EC01D84F92E0048EF7B /* CommonProtocols.swift */; };
		FA8302291D83B87D00A0ECD1 /* QuestionsProtocols.swift in Sources */ = {isa = PBXBuildFile; fileRef = FA8302281D83B87D00A0ECD1 /* QuestionsProtocols.swift */; };
		FA8302311D8437B600A0ECD1 /* mock.json in Resources */ = {isa = PBXBuildFile; fileRef = FA8302301D8437B600A0ECD1 /* mock.json */; };
		FA8302331D84588400A0ECD1 /* PostRouter.swift in Sources */ = {isa = PBXBuildFile; fileRef = FA8302321D84588400A0ECD1 /* PostRouter.swift */; };
		FA8302351D84C21300A0ECD1 /* QuestionInteractor.swift in Sources */ = {isa = PBXBuildFile; fileRef = FA8302341D84C21300A0ECD1 /* QuestionInteractor.swift */; };
		FA8302371D84C2F000A0ECD1 /* QuestionsModel.swift in Sources */ = {isa = PBXBuildFile; fileRef = FA8302361D84C2F000A0ECD1 /* QuestionsModel.swift */; };
		FA8302391D84C46D00A0ECD1 /* QuestionModel.swift in Sources */ = {isa = PBXBuildFile; fileRef = FA8302381D84C46D00A0ECD1 /* QuestionModel.swift */; };
		FA83023B1D84C4BC00A0ECD1 /* ChoiceModel.swift in Sources */ = {isa = PBXBuildFile; fileRef = FA83023A1D84C4BC00A0ECD1 /* ChoiceModel.swift */; };
		FA83023D1D84D3A600A0ECD1 /* QuestiosnPresenter.swift in Sources */ = {isa = PBXBuildFile; fileRef = FA83023C1D84D3A600A0ECD1 /* QuestiosnPresenter.swift */; };
		FA896A1E1D85EF4F00EAB1EC /* mockZero.json in Resources */ = {isa = PBXBuildFile; fileRef = FA896A1D1D85EF4E00EAB1EC /* mockZero.json */; };
		FA896A201D85F59400EAB1EC /* QuestionTableViewCell.swift in Sources */ = {isa = PBXBuildFile; fileRef = FA896A1F1D85F59400EAB1EC /* QuestionTableViewCell.swift */; };
		FA896A241D85FA5200EAB1EC /* Questionnaire+UITableView.swift in Sources */ = {isa = PBXBuildFile; fileRef = FA896A231D85FA5200EAB1EC /* Questionnaire+UITableView.swift */; };
		FA896A261D85FE3A00EAB1EC /* AnimationButton.swift in Sources */ = {isa = PBXBuildFile; fileRef = FA896A251D85FE3A00EAB1EC /* AnimationButton.swift */; };
		FA896A281D860F6300EAB1EC /* UIColor+ColorUtils.swift in Sources */ = {isa = PBXBuildFile; fileRef = FA896A271D860F6200EAB1EC /* UIColor+ColorUtils.swift */; };
		FA896A2C1D861FBC00EAB1EC /* QuestionViewController.swift in Sources */ = {isa = PBXBuildFile; fileRef = FA896A2B1D861FBC00EAB1EC /* QuestionViewController.swift */; };
		FAA66FC91D8334DF00868C46 /* QuestionnaireView.swift in Sources */ = {isa = PBXBuildFile; fileRef = FAA66FC81D8334DF00868C46 /* QuestionnaireView.swift */; };
		FAA66FCB1D83490F00868C46 /* QuestionsModuleTest.swift in Sources */ = {isa = PBXBuildFile; fileRef = FAA66FCA1D83490F00868C46 /* QuestionsModuleTest.swift */; };
		FAA66FCD1D83496400868C46 /* CommonClassesTest.swift in Sources */ = {isa = PBXBuildFile; fileRef = FAA66FCC1D83496400868C46 /* CommonClassesTest.swift */; };
		FAA66FCF1D8349CB00868C46 /* Configuration.plist in Resources */ = {isa = PBXBuildFile; fileRef = FAA66FCE1D8349CB00868C46 /* Configuration.plist */; };
		FAF0DE0C1D839CF5008C9899 /* Configuration.swift in Sources */ = {isa = PBXBuildFile; fileRef = FAF0DE0B1D839CF5008C9899 /* Configuration.swift */; };
		FAF0DE0E1D83A41A008C9899 /* Constants.swift in Sources */ = {isa = PBXBuildFile; fileRef = FAF0DE0D1D83A41A008C9899 /* Constants.swift */; };
		FAF0DE101D83B011008C9899 /* EmumsAndDefs.swift in Sources */ = {isa = PBXBuildFile; fileRef = FAF0DE0F1D83B011008C9899 /* EmumsAndDefs.swift */; };
		FAF0DE121D83B406008C9899 /* Service.swift in Sources */ = {isa = PBXBuildFile; fileRef = FAF0DE111D83B406008C9899 /* Service.swift */; };
/* End PBXBuildFile section */

/* Begin PBXContainerItemProxy section */
		FA01F4731D822DFD00CDC976 /* PBXContainerItemProxy */ = {
			isa = PBXContainerItemProxy;
			containerPortal = FA01F4541D822DFD00CDC976 /* Project object */;
			proxyType = 1;
			remoteGlobalIDString = FA01F45B1D822DFD00CDC976;
			remoteInfo = Poll;
		};
		FA01F47E1D822DFD00CDC976 /* PBXContainerItemProxy */ = {
			isa = PBXContainerItemProxy;
			containerPortal = FA01F4541D822DFD00CDC976 /* Project object */;
			proxyType = 1;
			remoteGlobalIDString = FA01F45B1D822DFD00CDC976;
			remoteInfo = Poll;
		};
/* End PBXContainerItemProxy section */

/* Begin PBXFileReference section */
		34C64158C6A287D2D015109A /* Pods-PollUITests.debug.xcconfig */ = {isa = PBXFileReference; includeInIndex = 1; lastKnownFileType = text.xcconfig; name = "Pods-PollUITests.debug.xcconfig"; path = "Pods/Target Support Files/Pods-PollUITests/Pods-PollUITests.debug.xcconfig"; sourceTree = "<group>"; };
		46E3A62CD95D4B69D2F227B3 /* Pods-Poll.debug.xcconfig */ = {isa = PBXFileReference; includeInIndex = 1; lastKnownFileType = text.xcconfig; name = "Pods-Poll.debug.xcconfig"; path = "Pods/Target Support Files/Pods-Poll/Pods-Poll.debug.xcconfig"; sourceTree = "<group>"; };
		4A704F23CB91E72288F54E55 /* Pods-PollUITests.release.xcconfig */ = {isa = PBXFileReference; includeInIndex = 1; lastKnownFileType = text.xcconfig; name = "Pods-PollUITests.release.xcconfig"; path = "Pods/Target Support Files/Pods-PollUITests/Pods-PollUITests.release.xcconfig"; sourceTree = "<group>"; };
		594F602DADA4B1C66A654310 /* Pods-Poll.release.xcconfig */ = {isa = PBXFileReference; includeInIndex = 1; lastKnownFileType = text.xcconfig; name = "Pods-Poll.release.xcconfig"; path = "Pods/Target Support Files/Pods-Poll/Pods-Poll.release.xcconfig"; sourceTree = "<group>"; };
		5B59F2A6E16882100AF02861 /* Pods-PollTests.debug.xcconfig */ = {isa = PBXFileReference; includeInIndex = 1; lastKnownFileType = text.xcconfig; name = "Pods-PollTests.debug.xcconfig"; path = "Pods/Target Support Files/Pods-PollTests/Pods-PollTests.debug.xcconfig"; sourceTree = "<group>"; };
		601CF2AF9847AF9E37ABC290 /* Pods_PollUITests.framework */ = {isa = PBXFileReference; explicitFileType = wrapper.framework; includeInIndex = 0; path = Pods_PollUITests.framework; sourceTree = BUILT_PRODUCTS_DIR; };
		62FAEF14D2C1809B8A72A808 /* Pods-PollTests.release.xcconfig */ = {isa = PBXFileReference; includeInIndex = 1; lastKnownFileType = text.xcconfig; name = "Pods-PollTests.release.xcconfig"; path = "Pods/Target Support Files/Pods-PollTests/Pods-PollTests.release.xcconfig"; sourceTree = "<group>"; };
		BA436B3817D64F88338E4452 /* Pods_PollTests.framework */ = {isa = PBXFileReference; explicitFileType = wrapper.framework; includeInIndex = 0; path = Pods_PollTests.framework; sourceTree = BUILT_PRODUCTS_DIR; };
		E645025FD6AA1C008B93ED08 /* Pods_Poll.framework */ = {isa = PBXFileReference; explicitFileType = wrapper.framework; includeInIndex = 0; path = Pods_Poll.framework; sourceTree = BUILT_PRODUCTS_DIR; };
		FA01F45C1D822DFD00CDC976 /* Poll.app */ = {isa = PBXFileReference; explicitFileType = wrapper.application; includeInIndex = 0; path = Poll.app; sourceTree = BUILT_PRODUCTS_DIR; };
		FA01F45F1D822DFD00CDC976 /* AppDelegate.swift */ = {isa = PBXFileReference; lastKnownFileType = sourcecode.swift; path = AppDelegate.swift; sourceTree = "<group>"; };
		FA01F4611D822DFD00CDC976 /* FirstViewController.swift */ = {isa = PBXFileReference; lastKnownFileType = sourcecode.swift; path = FirstViewController.swift; sourceTree = "<group>"; };
		FA01F4631D822DFD00CDC976 /* SecondViewController.swift */ = {isa = PBXFileReference; lastKnownFileType = sourcecode.swift; path = SecondViewController.swift; sourceTree = "<group>"; };
		FA01F4681D822DFD00CDC976 /* Assets.xcassets */ = {isa = PBXFileReference; lastKnownFileType = folder.assetcatalog; path = Assets.xcassets; sourceTree = "<group>"; };
		FA01F46D1D822DFD00CDC976 /* Info.plist */ = {isa = PBXFileReference; lastKnownFileType = text.plist.xml; path = Info.plist; sourceTree = "<group>"; };
		FA01F4721D822DFD00CDC976 /* PollTests.xctest */ = {isa = PBXFileReference; explicitFileType = wrapper.cfbundle; includeInIndex = 0; path = PollTests.xctest; sourceTree = BUILT_PRODUCTS_DIR; };
		FA01F4781D822DFD00CDC976 /* Info.plist */ = {isa = PBXFileReference; lastKnownFileType = text.plist.xml; path = Info.plist; sourceTree = "<group>"; };
		FA01F47D1D822DFD00CDC976 /* PollUITests.xctest */ = {isa = PBXFileReference; explicitFileType = wrapper.cfbundle; includeInIndex = 0; path = PollUITests.xctest; sourceTree = BUILT_PRODUCTS_DIR; };
		FA01F4811D822DFD00CDC976 /* PollUITests.swift */ = {isa = PBXFileReference; lastKnownFileType = sourcecode.swift; path = PollUITests.swift; sourceTree = "<group>"; };
		FA01F4831D822DFD00CDC976 /* Info.plist */ = {isa = PBXFileReference; lastKnownFileType = text.plist.xml; path = Info.plist; sourceTree = "<group>"; };
		FA73B9C91D8637B200D78B1C /* CommonAnimations.swift */ = {isa = PBXFileReference; fileEncoding = 4; lastKnownFileType = sourcecode.swift; path = CommonAnimations.swift; sourceTree = "<group>"; };
		FA73B9CA1D8637B200D78B1C /* DismissingAnimator.swift */ = {isa = PBXFileReference; fileEncoding = 4; lastKnownFileType = sourcecode.swift; path = DismissingAnimator.swift; sourceTree = "<group>"; };
		FA73B9CB1D8637B200D78B1C /* PresentingAnimator.swift */ = {isa = PBXFileReference; fileEncoding = 4; lastKnownFileType = sourcecode.swift; path = PresentingAnimator.swift; sourceTree = "<group>"; };
		FA73B9CF1D863B8200D78B1C /* UIView+Utils.swift */ = {isa = PBXFileReference; fileEncoding = 4; lastKnownFileType = sourcecode.swift; path = "UIView+Utils.swift"; sourceTree = "<group>"; };
		FA73B9D11D863F8500D78B1C /* QuestionViewController+UITableView.swift */ = {isa = PBXFileReference; fileEncoding = 4; lastKnownFileType = sourcecode.swift; path = "QuestionViewController+UITableView.swift"; sourceTree = "<group>"; };
		FA73B9D41D86415800D78B1C /* ChoiceTableViewCell.swift */ = {isa = PBXFileReference; fileEncoding = 4; lastKnownFileType = sourcecode.swift; path = ChoiceTableViewCell.swift; sourceTree = "<group>"; };
		FA7825481D84D9190087C920 /* QuestionsWireframe.swift */ = {isa = PBXFileReference; fileEncoding = 4; lastKnownFileType = sourcecode.swift; path = QuestionsWireframe.swift; sourceTree = "<group>"; };
		FA7F3EA91D84F65E0048EF7B /* OpenSans-Bold.ttf */ = {isa = PBXFileReference; lastKnownFileType = file; path = "OpenSans-Bold.ttf"; sourceTree = "<group>"; };
		FA7F3EAA1D84F65E0048EF7B /* OpenSans-BoldItalic.ttf */ = {isa = PBXFileReference; lastKnownFileType = file; path = "OpenSans-BoldItalic.ttf"; sourceTree = "<group>"; };
		FA7F3EAB1D84F65E0048EF7B /* OpenSans-ExtraBold.ttf */ = {isa = PBXFileReference; lastKnownFileType = file; path = "OpenSans-ExtraBold.ttf"; sourceTree = "<group>"; };
		FA7F3EAC1D84F65E0048EF7B /* OpenSans-ExtraBoldItalic.ttf */ = {isa = PBXFileReference; lastKnownFileType = file; path = "OpenSans-ExtraBoldItalic.ttf"; sourceTree = "<group>"; };
		FA7F3EAD1D84F65E0048EF7B /* OpenSans-Italic.ttf */ = {isa = PBXFileReference; lastKnownFileType = file; path = "OpenSans-Italic.ttf"; sourceTree = "<group>"; };
		FA7F3EAE1D84F65E0048EF7B /* OpenSans-Light.ttf */ = {isa = PBXFileReference; lastKnownFileType = file; path = "OpenSans-Light.ttf"; sourceTree = "<group>"; };
		FA7F3EAF1D84F65E0048EF7B /* OpenSans-LightItalic.ttf */ = {isa = PBXFileReference; lastKnownFileType = file; path = "OpenSans-LightItalic.ttf"; sourceTree = "<group>"; };
		FA7F3EB01D84F65E0048EF7B /* OpenSans-Regular.ttf */ = {isa = PBXFileReference; lastKnownFileType = file; path = "OpenSans-Regular.ttf"; sourceTree = "<group>"; };
		FA7F3EB11D84F65E0048EF7B /* OpenSans-Semibold.ttf */ = {isa = PBXFileReference; lastKnownFileType = file; path = "OpenSans-Semibold.ttf"; sourceTree = "<group>"; };
		FA7F3EB21D84F65E0048EF7B /* OpenSans-SemiboldItalic.ttf */ = {isa = PBXFileReference; lastKnownFileType = file; path = "OpenSans-SemiboldItalic.ttf"; sourceTree = "<group>"; };
		FA7F3EBD1D84F7530048EF7B /* Localizable.strings */ = {isa = PBXFileReference; fileEncoding = 4; lastKnownFileType = text.plist.strings; path = Localizable.strings; sourceTree = "<group>"; };
		FA7F3EC01D84F92E0048EF7B /* CommonProtocols.swift */ = {isa = PBXFileReference; fileEncoding = 4; lastKnownFileType = sourcecode.swift; path = CommonProtocols.swift; sourceTree = "<group>"; };
		FA7F3EC81D84FD690048EF7B /* Base */ = {isa = PBXFileReference; lastKnownFileType = file.storyboard; name = Base; path = Base.lproj/Main.storyboard; sourceTree = "<group>"; };
		FA7F3EC91D84FD690048EF7B /* Base */ = {isa = PBXFileReference; lastKnownFileType = file.storyboard; name = Base; path = Base.lproj/LaunchScreen.storyboard; sourceTree = "<group>"; };
		FA8302281D83B87D00A0ECD1 /* QuestionsProtocols.swift */ = {isa = PBXFileReference; fileEncoding = 4; lastKnownFileType = sourcecode.swift; path = QuestionsProtocols.swift; sourceTree = "<group>"; };
		FA83022A1D83D9E900A0ECD1 /* OHHTTPStubs.framework */ = {isa = PBXFileReference; lastKnownFileType = wrapper.framework; name = OHHTTPStubs.framework; path = "Pods/../build/Debug-iphoneos/OHHTTPStubs/OHHTTPStubs.framework"; sourceTree = "<group>"; };
		FA8302301D8437B600A0ECD1 /* mock.json */ = {isa = PBXFileReference; fileEncoding = 4; lastKnownFileType = text.json; path = mock.json; sourceTree = "<group>"; };
		FA8302321D84588400A0ECD1 /* PostRouter.swift */ = {isa = PBXFileReference; fileEncoding = 4; lastKnownFileType = sourcecode.swift; path = PostRouter.swift; sourceTree = "<group>"; };
		FA8302341D84C21300A0ECD1 /* QuestionInteractor.swift */ = {isa = PBXFileReference; fileEncoding = 4; lastKnownFileType = sourcecode.swift; path = QuestionInteractor.swift; sourceTree = "<group>"; };
		FA8302361D84C2F000A0ECD1 /* QuestionsModel.swift */ = {isa = PBXFileReference; fileEncoding = 4; lastKnownFileType = sourcecode.swift; path = QuestionsModel.swift; sourceTree = "<group>"; };
		FA8302381D84C46D00A0ECD1 /* QuestionModel.swift */ = {isa = PBXFileReference; fileEncoding = 4; lastKnownFileType = sourcecode.swift; path = QuestionModel.swift; sourceTree = "<group>"; };
		FA83023A1D84C4BC00A0ECD1 /* ChoiceModel.swift */ = {isa = PBXFileReference; fileEncoding = 4; lastKnownFileType = sourcecode.swift; path = ChoiceModel.swift; sourceTree = "<group>"; };
		FA83023C1D84D3A600A0ECD1 /* QuestiosnPresenter.swift */ = {isa = PBXFileReference; fileEncoding = 4; lastKnownFileType = sourcecode.swift; path = QuestiosnPresenter.swift; sourceTree = "<group>"; };
		FA896A1D1D85EF4E00EAB1EC /* mockZero.json */ = {isa = PBXFileReference; fileEncoding = 4; lastKnownFileType = text.json; path = mockZero.json; sourceTree = "<group>"; };
		FA896A1F1D85F59400EAB1EC /* QuestionTableViewCell.swift */ = {isa = PBXFileReference; fileEncoding = 4; lastKnownFileType = sourcecode.swift; path = QuestionTableViewCell.swift; sourceTree = "<group>"; };
		FA896A231D85FA5200EAB1EC /* Questionnaire+UITableView.swift */ = {isa = PBXFileReference; fileEncoding = 4; lastKnownFileType = sourcecode.swift; path = "Questionnaire+UITableView.swift"; sourceTree = "<group>"; };
		FA896A251D85FE3A00EAB1EC /* AnimationButton.swift */ = {isa = PBXFileReference; fileEncoding = 4; lastKnownFileType = sourcecode.swift; path = AnimationButton.swift; sourceTree = "<group>"; };
		FA896A271D860F6200EAB1EC /* UIColor+ColorUtils.swift */ = {isa = PBXFileReference; fileEncoding = 4; lastKnownFileType = sourcecode.swift; path = "UIColor+ColorUtils.swift"; sourceTree = "<group>"; };
		FA896A2B1D861FBC00EAB1EC /* QuestionViewController.swift */ = {isa = PBXFileReference; fileEncoding = 4; lastKnownFileType = sourcecode.swift; path = QuestionViewController.swift; sourceTree = "<group>"; };
		FAA66FC81D8334DF00868C46 /* QuestionnaireView.swift */ = {isa = PBXFileReference; fileEncoding = 4; lastKnownFileType = sourcecode.swift; path = QuestionnaireView.swift; sourceTree = "<group>"; };
		FAA66FCA1D83490F00868C46 /* QuestionsModuleTest.swift */ = {isa = PBXFileReference; fileEncoding = 4; lastKnownFileType = sourcecode.swift; path = QuestionsModuleTest.swift; sourceTree = "<group>"; };
		FAA66FCC1D83496400868C46 /* CommonClassesTest.swift */ = {isa = PBXFileReference; fileEncoding = 4; lastKnownFileType = sourcecode.swift; name = CommonClassesTest.swift; path = Common/CommonClassesTest.swift; sourceTree = "<group>"; };
		FAA66FCE1D8349CB00868C46 /* Configuration.plist */ = {isa = PBXFileReference; fileEncoding = 4; lastKnownFileType = text.plist.xml; name = Configuration.plist; path = Resources/Plist/Configuration.plist; sourceTree = "<group>"; };
		FAF0DE0B1D839CF5008C9899 /* Configuration.swift */ = {isa = PBXFileReference; fileEncoding = 4; lastKnownFileType = sourcecode.swift; path = Configuration.swift; sourceTree = "<group>"; };
		FAF0DE0D1D83A41A008C9899 /* Constants.swift */ = {isa = PBXFileReference; fileEncoding = 4; lastKnownFileType = sourcecode.swift; path = Constants.swift; sourceTree = "<group>"; };
		FAF0DE0F1D83B011008C9899 /* EmumsAndDefs.swift */ = {isa = PBXFileReference; fileEncoding = 4; lastKnownFileType = sourcecode.swift; path = EmumsAndDefs.swift; sourceTree = "<group>"; };
		FAF0DE111D83B406008C9899 /* Service.swift */ = {isa = PBXFileReference; fileEncoding = 4; lastKnownFileType = sourcecode.swift; name = Service.swift; path = Services/Service.swift; sourceTree = "<group>"; };
/* End PBXFileReference section */

/* Begin PBXFrameworksBuildPhase section */
		FA01F4591D822DFD00CDC976 /* Frameworks */ = {
			isa = PBXFrameworksBuildPhase;
			buildActionMask = 2147483647;
			files = (
				075AF66761AAF41A1FA879F3 /* Pods_Poll.framework in Frameworks */,
			);
			runOnlyForDeploymentPostprocessing = 0;
		};
		FA01F46F1D822DFD00CDC976 /* Frameworks */ = {
			isa = PBXFrameworksBuildPhase;
			buildActionMask = 2147483647;
			files = (
				1247A3BB158EB8700F18D28E /* Pods_PollTests.framework in Frameworks */,
			);
			runOnlyForDeploymentPostprocessing = 0;
		};
		FA01F47A1D822DFD00CDC976 /* Frameworks */ = {
			isa = PBXFrameworksBuildPhase;
			buildActionMask = 2147483647;
			files = (
				ED07A0C10128B7FBC9AB6E23 /* Pods_PollUITests.framework in Frameworks */,
			);
			runOnlyForDeploymentPostprocessing = 0;
		};
/* End PBXFrameworksBuildPhase section */

/* Begin PBXGroup section */
		519CA5061249D0565B98CE3A /* Pods */ = {
			isa = PBXGroup;
			children = (
				46E3A62CD95D4B69D2F227B3 /* Pods-Poll.debug.xcconfig */,
				594F602DADA4B1C66A654310 /* Pods-Poll.release.xcconfig */,
				5B59F2A6E16882100AF02861 /* Pods-PollTests.debug.xcconfig */,
				62FAEF14D2C1809B8A72A808 /* Pods-PollTests.release.xcconfig */,
				34C64158C6A287D2D015109A /* Pods-PollUITests.debug.xcconfig */,
				4A704F23CB91E72288F54E55 /* Pods-PollUITests.release.xcconfig */,
			);
			name = Pods;
			sourceTree = "<group>";
		};
		A59E4B14107B8ECA733B0DCF /* Frameworks */ = {
			isa = PBXGroup;
			children = (
				FA83022A1D83D9E900A0ECD1 /* OHHTTPStubs.framework */,
				E645025FD6AA1C008B93ED08 /* Pods_Poll.framework */,
				BA436B3817D64F88338E4452 /* Pods_PollTests.framework */,
				601CF2AF9847AF9E37ABC290 /* Pods_PollUITests.framework */,
			);
			name = Frameworks;
			sourceTree = "<group>";
		};
		FA01F4531D822DFD00CDC976 = {
			isa = PBXGroup;
			children = (
				FA01F45E1D822DFD00CDC976 /* Poll */,
				FA01F4751D822DFD00CDC976 /* PollTests */,
				FA01F4801D822DFD00CDC976 /* PollUITests */,
				FA01F45D1D822DFD00CDC976 /* Products */,
				519CA5061249D0565B98CE3A /* Pods */,
				A59E4B14107B8ECA733B0DCF /* Frameworks */,
			);
			sourceTree = "<group>";
		};
		FA01F45D1D822DFD00CDC976 /* Products */ = {
			isa = PBXGroup;
			children = (
				FA01F45C1D822DFD00CDC976 /* Poll.app */,
				FA01F4721D822DFD00CDC976 /* PollTests.xctest */,
				FA01F47D1D822DFD00CDC976 /* PollUITests.xctest */,
			);
			name = Products;
			sourceTree = "<group>";
		};
		FA01F45E1D822DFD00CDC976 /* Poll */ = {
			isa = PBXGroup;
			children = (
				FA7F3EA71D84F65E0048EF7B /* Assets */,
				FAF0DE091D8399A0008C9899 /* Common */,
				FAA66FAA1D82ED1400868C46 /* Modules */,
				FA01F45F1D822DFD00CDC976 /* AppDelegate.swift */,
				FA01F4611D822DFD00CDC976 /* FirstViewController.swift */,
				FA01F4631D822DFD00CDC976 /* SecondViewController.swift */,
				FA01F4651D822DFD00CDC976 /* Main.storyboard */,
				FA01F4681D822DFD00CDC976 /* Assets.xcassets */,
				FA01F46A1D822DFD00CDC976 /* LaunchScreen.storyboard */,
				FA01F46D1D822DFD00CDC976 /* Info.plist */,
				FAA66FCE1D8349CB00868C46 /* Configuration.plist */,
				FA7F3EBD1D84F7530048EF7B /* Localizable.strings */,
			);
			path = Poll;
			sourceTree = "<group>";
		};
		FA01F4751D822DFD00CDC976 /* PollTests */ = {
			isa = PBXGroup;
			children = (
				FA83022F1D8437B600A0ECD1 /* Resources */,
				FAA66FC71D82EF9D00868C46 /* QuestionsModuleTest */,
				FA01F4781D822DFD00CDC976 /* Info.plist */,
				FAA66FCC1D83496400868C46 /* CommonClassesTest.swift */,
			);
			path = PollTests;
			sourceTree = "<group>";
		};
		FA01F4801D822DFD00CDC976 /* PollUITests */ = {
			isa = PBXGroup;
			children = (
				FA01F4811D822DFD00CDC976 /* PollUITests.swift */,
				FA01F4831D822DFD00CDC976 /* Info.plist */,
			);
			path = PollUITests;
			sourceTree = "<group>";
		};
		FA73B9C81D8637B200D78B1C /* Animations */ = {
			isa = PBXGroup;
			children = (
				FA73B9C91D8637B200D78B1C /* CommonAnimations.swift */,
				FA73B9CA1D8637B200D78B1C /* DismissingAnimator.swift */,
				FA73B9CB1D8637B200D78B1C /* PresentingAnimator.swift */,
			);
			path = Animations;
			sourceTree = "<group>";
		};
		FA73B9D31D86404400D78B1C /* QuestionView */ = {
			isa = PBXGroup;
			children = (
				FA73B9D11D863F8500D78B1C /* QuestionViewController+UITableView.swift */,
				FA896A2B1D861FBC00EAB1EC /* QuestionViewController.swift */,
				FA73B9D41D86415800D78B1C /* ChoiceTableViewCell.swift */,
			);
			name = QuestionView;
			sourceTree = "<group>";
		};
		FA7F3EA71D84F65E0048EF7B /* Assets */ = {
			isa = PBXGroup;
			children = (
				FA7F3EA81D84F65E0048EF7B /* Fonts */,
			);
			path = Assets;
			sourceTree = "<group>";
		};
		FA7F3EA81D84F65E0048EF7B /* Fonts */ = {
			isa = PBXGroup;
			children = (
				FA7F3EA91D84F65E0048EF7B /* OpenSans-Bold.ttf */,
				FA7F3EAA1D84F65E0048EF7B /* OpenSans-BoldItalic.ttf */,
				FA7F3EAB1D84F65E0048EF7B /* OpenSans-ExtraBold.ttf */,
				FA7F3EAC1D84F65E0048EF7B /* OpenSans-ExtraBoldItalic.ttf */,
				FA7F3EAD1D84F65E0048EF7B /* OpenSans-Italic.ttf */,
				FA7F3EAE1D84F65E0048EF7B /* OpenSans-Light.ttf */,
				FA7F3EAF1D84F65E0048EF7B /* OpenSans-LightItalic.ttf */,
				FA7F3EB01D84F65E0048EF7B /* OpenSans-Regular.ttf */,
				FA7F3EB11D84F65E0048EF7B /* OpenSans-Semibold.ttf */,
				FA7F3EB21D84F65E0048EF7B /* OpenSans-SemiboldItalic.ttf */,
			);
			path = Fonts;
			sourceTree = "<group>";
		};
		FA7F3EBF1D84F9060048EF7B /* Protocols */ = {
			isa = PBXGroup;
			children = (
				FA7F3EC01D84F92E0048EF7B /* CommonProtocols.swift */,
			);
			path = Protocols;
			sourceTree = "<group>";
		};
		FA83022F1D8437B600A0ECD1 /* Resources */ = {
			isa = PBXGroup;
			children = (
				FA8302301D8437B600A0ECD1 /* mock.json */,
				FA896A1D1D85EF4E00EAB1EC /* mockZero.json */,
			);
			path = Resources;
			sourceTree = "<group>";
		};
		FAA66FAA1D82ED1400868C46 /* Modules */ = {
			isa = PBXGroup;
			children = (
				FAA66FAB1D82ED1400868C46 /* AdminModule */,
				FAA66FB21D82ED1400868C46 /* CreateCuestionModule */,
				FAA66FB91D82ED1400868C46 /* QuestionModule */,
				FAA66FC01D82ED1400868C46 /* Questions Module */,
			);
			path = Modules;
			sourceTree = "<group>";
		};
		FAA66FAB1D82ED1400868C46 /* AdminModule */ = {
			isa = PBXGroup;
			children = (
				FAA66FAC1D82ED1400868C46 /* APIManager */,
				FAA66FAD1D82ED1400868C46 /* Interactor */,
				FAA66FAE1D82ED1400868C46 /* Presenter */,
				FAA66FAF1D82ED1400868C46 /* Protocols */,
				FAA66FB01D82ED1400868C46 /* View */,
				FAA66FB11D82ED1400868C46 /* Wireframe */,
			);
			path = AdminModule;
			sourceTree = "<group>";
		};
		FAA66FAC1D82ED1400868C46 /* APIManager */ = {
			isa = PBXGroup;
			children = (
			);
			path = APIManager;
			sourceTree = "<group>";
		};
		FAA66FAD1D82ED1400868C46 /* Interactor */ = {
			isa = PBXGroup;
			children = (
			);
			path = Interactor;
			sourceTree = "<group>";
		};
		FAA66FAE1D82ED1400868C46 /* Presenter */ = {
			isa = PBXGroup;
			children = (
			);
			path = Presenter;
			sourceTree = "<group>";
		};
		FAA66FAF1D82ED1400868C46 /* Protocols */ = {
			isa = PBXGroup;
			children = (
			);
			path = Protocols;
			sourceTree = "<group>";
		};
		FAA66FB01D82ED1400868C46 /* View */ = {
			isa = PBXGroup;
			children = (
			);
			path = View;
			sourceTree = "<group>";
		};
		FAA66FB11D82ED1400868C46 /* Wireframe */ = {
			isa = PBXGroup;
			children = (
			);
			path = Wireframe;
			sourceTree = "<group>";
		};
		FAA66FB21D82ED1400868C46 /* CreateCuestionModule */ = {
			isa = PBXGroup;
			children = (
				FAA66FB31D82ED1400868C46 /* APIManager */,
				FAA66FB41D82ED1400868C46 /* Interactor */,
				FAA66FB51D82ED1400868C46 /* Presenter */,
				FAA66FB61D82ED1400868C46 /* Protocols */,
				FAA66FB71D82ED1400868C46 /* View */,
				FAA66FB81D82ED1400868C46 /* Wireframe */,
			);
			path = CreateCuestionModule;
			sourceTree = "<group>";
		};
		FAA66FB31D82ED1400868C46 /* APIManager */ = {
			isa = PBXGroup;
			children = (
			);
			path = APIManager;
			sourceTree = "<group>";
		};
		FAA66FB41D82ED1400868C46 /* Interactor */ = {
			isa = PBXGroup;
			children = (
			);
			path = Interactor;
			sourceTree = "<group>";
		};
		FAA66FB51D82ED1400868C46 /* Presenter */ = {
			isa = PBXGroup;
			children = (
			);
			path = Presenter;
			sourceTree = "<group>";
		};
		FAA66FB61D82ED1400868C46 /* Protocols */ = {
			isa = PBXGroup;
			children = (
			);
			path = Protocols;
			sourceTree = "<group>";
		};
		FAA66FB71D82ED1400868C46 /* View */ = {
			isa = PBXGroup;
			children = (
			);
			path = View;
			sourceTree = "<group>";
		};
		FAA66FB81D82ED1400868C46 /* Wireframe */ = {
			isa = PBXGroup;
			children = (
			);
			path = Wireframe;
			sourceTree = "<group>";
		};
		FAA66FB91D82ED1400868C46 /* QuestionModule */ = {
			isa = PBXGroup;
			children = (
				FAA66FBA1D82ED1400868C46 /* APIManager */,
				FAA66FBB1D82ED1400868C46 /* Interactor */,
				FAA66FBC1D82ED1400868C46 /* Presenter */,
				FAA66FBD1D82ED1400868C46 /* Protocols */,
				FAA66FBE1D82ED1400868C46 /* View */,
				FAA66FBF1D82ED1400868C46 /* Wireframe */,
			);
			path = QuestionModule;
			sourceTree = "<group>";
		};
		FAA66FBA1D82ED1400868C46 /* APIManager */ = {
			isa = PBXGroup;
			children = (
			);
			path = APIManager;
			sourceTree = "<group>";
		};
		FAA66FBB1D82ED1400868C46 /* Interactor */ = {
			isa = PBXGroup;
			children = (
			);
			path = Interactor;
			sourceTree = "<group>";
		};
		FAA66FBC1D82ED1400868C46 /* Presenter */ = {
			isa = PBXGroup;
			children = (
			);
			path = Presenter;
			sourceTree = "<group>";
		};
		FAA66FBD1D82ED1400868C46 /* Protocols */ = {
			isa = PBXGroup;
			children = (
			);
			path = Protocols;
			sourceTree = "<group>";
		};
		FAA66FBE1D82ED1400868C46 /* View */ = {
			isa = PBXGroup;
			children = (
			);
			path = View;
			sourceTree = "<group>";
		};
		FAA66FBF1D82ED1400868C46 /* Wireframe */ = {
			isa = PBXGroup;
			children = (
			);
			path = Wireframe;
			sourceTree = "<group>";
		};
		FAA66FC01D82ED1400868C46 /* Questions Module */ = {
			isa = PBXGroup;
			children = (
				FAA66FC11D82ED1400868C46 /* APIManager */,
				FAA66FC21D82ED1400868C46 /* Interactor */,
				FAA66FC31D82ED1400868C46 /* Presenter */,
				FAA66FC41D82ED1400868C46 /* Protocols */,
				FAA66FC51D82ED1400868C46 /* View */,
				FAA66FC61D82ED1400868C46 /* Wireframe */,
			);
			path = "Questions Module";
			sourceTree = "<group>";
		};
		FAA66FC11D82ED1400868C46 /* APIManager */ = {
			isa = PBXGroup;
			children = (
			);
			path = APIManager;
			sourceTree = "<group>";
		};
		FAA66FC21D82ED1400868C46 /* Interactor */ = {
			isa = PBXGroup;
			children = (
				FA8302341D84C21300A0ECD1 /* QuestionInteractor.swift */,
				FA8302361D84C2F000A0ECD1 /* QuestionsModel.swift */,
				FA8302381D84C46D00A0ECD1 /* QuestionModel.swift */,
				FA83023A1D84C4BC00A0ECD1 /* ChoiceModel.swift */,
			);
			path = Interactor;
			sourceTree = "<group>";
		};
		FAA66FC31D82ED1400868C46 /* Presenter */ = {
			isa = PBXGroup;
			children = (
				FA83023C1D84D3A600A0ECD1 /* QuestiosnPresenter.swift */,
			);
			path = Presenter;
			sourceTree = "<group>";
		};
		FAA66FC41D82ED1400868C46 /* Protocols */ = {
			isa = PBXGroup;
			children = (
				FA8302281D83B87D00A0ECD1 /* QuestionsProtocols.swift */,
			);
			path = Protocols;
			sourceTree = "<group>";
		};
		FAA66FC51D82ED1400868C46 /* View */ = {
			isa = PBXGroup;
			children = (
				FA73B9D31D86404400D78B1C /* QuestionView */,
				FAA66FC81D8334DF00868C46 /* QuestionnaireView.swift */,
				FA896A1F1D85F59400EAB1EC /* QuestionTableViewCell.swift */,
				FA896A231D85FA5200EAB1EC /* Questionnaire+UITableView.swift */,
			);
			path = View;
			sourceTree = "<group>";
		};
		FAA66FC61D82ED1400868C46 /* Wireframe */ = {
			isa = PBXGroup;
			children = (
				FA7825481D84D9190087C920 /* QuestionsWireframe.swift */,
			);
			path = Wireframe;
			sourceTree = "<group>";
		};
		FAA66FC71D82EF9D00868C46 /* QuestionsModuleTest */ = {
			isa = PBXGroup;
			children = (
				FAA66FCA1D83490F00868C46 /* QuestionsModuleTest.swift */,
			);
			path = QuestionsModuleTest;
			sourceTree = "<group>";
		};
		FAF0DE091D8399A0008C9899 /* Common */ = {
			isa = PBXGroup;
			children = (
				FA73B9C81D8637B200D78B1C /* Animations */,
				FA7F3EBF1D84F9060048EF7B /* Protocols */,
				FAF0DE0A1D839CE0008C9899 /* Configuration */,
				FAF0DE0D1D83A41A008C9899 /* Constants.swift */,
				FAF0DE0F1D83B011008C9899 /* EmumsAndDefs.swift */,
				FA73B9CF1D863B8200D78B1C /* UIView+Utils.swift */,
				FA8302321D84588400A0ECD1 /* PostRouter.swift */,
				FA896A271D860F6200EAB1EC /* UIColor+ColorUtils.swift */,
				FAF0DE111D83B406008C9899 /* Service.swift */,
				FA896A251D85FE3A00EAB1EC /* AnimationButton.swift */,
			);
			path = Common;
			sourceTree = "<group>";
		};
		FAF0DE0A1D839CE0008C9899 /* Configuration */ = {
			isa = PBXGroup;
			children = (
				FAF0DE0B1D839CF5008C9899 /* Configuration.swift */,
			);
			path = Configuration;
			sourceTree = "<group>";
		};
/* End PBXGroup section */

/* Begin PBXNativeTarget section */
		FA01F45B1D822DFD00CDC976 /* Poll */ = {
			isa = PBXNativeTarget;
			buildConfigurationList = FA01F4861D822DFD00CDC976 /* Build configuration list for PBXNativeTarget "Poll" */;
			buildPhases = (
				6AE49AF678A51A447038A060 /* [CP] Check Pods Manifest.lock */,
				FA01F4581D822DFD00CDC976 /* Sources */,
				FA01F4591D822DFD00CDC976 /* Frameworks */,
				FA01F45A1D822DFD00CDC976 /* Resources */,
				22223FC889FE51FCA03E3F8D /* [CP] Embed Pods Frameworks */,
				356158C5C3D2A53C69113704 /* [CP] Copy Pods Resources */,
			);
			buildRules = (
			);
			dependencies = (
			);
			name = Poll;
			productName = Poll;
			productReference = FA01F45C1D822DFD00CDC976 /* Poll.app */;
			productType = "com.apple.product-type.application";
		};
		FA01F4711D822DFD00CDC976 /* PollTests */ = {
			isa = PBXNativeTarget;
			buildConfigurationList = FA01F4891D822DFD00CDC976 /* Build configuration list for PBXNativeTarget "PollTests" */;
			buildPhases = (
				F3B3F96455C2E09E9F3D10F2 /* [CP] Check Pods Manifest.lock */,
				FA01F46E1D822DFD00CDC976 /* Sources */,
				FA01F46F1D822DFD00CDC976 /* Frameworks */,
				FA01F4701D822DFD00CDC976 /* Resources */,
				4C1D6051CE87BC066A843360 /* [CP] Embed Pods Frameworks */,
				307B69FA1CA44BBFE16A7C32 /* [CP] Copy Pods Resources */,
			);
			buildRules = (
			);
			dependencies = (
				FA01F4741D822DFD00CDC976 /* PBXTargetDependency */,
			);
			name = PollTests;
			productName = PollTests;
			productReference = FA01F4721D822DFD00CDC976 /* PollTests.xctest */;
			productType = "com.apple.product-type.bundle.unit-test";
		};
		FA01F47C1D822DFD00CDC976 /* PollUITests */ = {
			isa = PBXNativeTarget;
			buildConfigurationList = FA01F48C1D822DFD00CDC976 /* Build configuration list for PBXNativeTarget "PollUITests" */;
			buildPhases = (
				3073CA4DE9DF0AFC99072386 /* [CP] Check Pods Manifest.lock */,
				FA01F4791D822DFD00CDC976 /* Sources */,
				FA01F47A1D822DFD00CDC976 /* Frameworks */,
				FA01F47B1D822DFD00CDC976 /* Resources */,
				89945BB313493B8406A600E7 /* [CP] Copy Pods Resources */,
			);
			buildRules = (
			);
			dependencies = (
				FA01F47F1D822DFD00CDC976 /* PBXTargetDependency */,
			);
			name = PollUITests;
			productName = PollUITests;
			productReference = FA01F47D1D822DFD00CDC976 /* PollUITests.xctest */;
			productType = "com.apple.product-type.bundle.ui-testing";
		};
/* End PBXNativeTarget section */

/* Begin PBXProject section */
		FA01F4541D822DFD00CDC976 /* Project object */ = {
			isa = PBXProject;
			attributes = {
				LastSwiftUpdateCheck = 0730;
				LastUpgradeCheck = 0730;
				ORGANIZATIONNAME = webcat;
				TargetAttributes = {
					FA01F45B1D822DFD00CDC976 = {
						CreatedOnToolsVersion = 7.3.1;
					};
					FA01F4711D822DFD00CDC976 = {
						CreatedOnToolsVersion = 7.3.1;
						TestTargetID = FA01F45B1D822DFD00CDC976;
					};
					FA01F47C1D822DFD00CDC976 = {
						CreatedOnToolsVersion = 7.3.1;
						TestTargetID = FA01F45B1D822DFD00CDC976;
					};
				};
			};
			buildConfigurationList = FA01F4571D822DFD00CDC976 /* Build configuration list for PBXProject "Poll" */;
			compatibilityVersion = "Xcode 3.2";
			developmentRegion = English;
			hasScannedForEncodings = 0;
			knownRegions = (
				en,
				Base,
			);
			mainGroup = FA01F4531D822DFD00CDC976;
			productRefGroup = FA01F45D1D822DFD00CDC976 /* Products */;
			projectDirPath = "";
			projectRoot = "";
			targets = (
				FA01F45B1D822DFD00CDC976 /* Poll */,
				FA01F4711D822DFD00CDC976 /* PollTests */,
				FA01F47C1D822DFD00CDC976 /* PollUITests */,
			);
		};
/* End PBXProject section */

/* Begin PBXResourcesBuildPhase section */
		FA01F45A1D822DFD00CDC976 /* Resources */ = {
			isa = PBXResourcesBuildPhase;
			buildActionMask = 2147483647;
			files = (
				FA7F3EB71D84F65E0048EF7B /* OpenSans-Italic.ttf in Resources */,
				FA7F3EB41D84F65E0048EF7B /* OpenSans-BoldItalic.ttf in Resources */,
				FA01F46C1D822DFD00CDC976 /* LaunchScreen.storyboard in Resources */,
				FA7F3EBB1D84F65E0048EF7B /* OpenSans-Semibold.ttf in Resources */,
				FA7F3EB51D84F65E0048EF7B /* OpenSans-ExtraBold.ttf in Resources */,
				FAA66FCF1D8349CB00868C46 /* Configuration.plist in Resources */,
				FA7F3EBE1D84F7530048EF7B /* Localizable.strings in Resources */,
				FA7F3EB91D84F65E0048EF7B /* OpenSans-LightItalic.ttf in Resources */,
				FA01F4691D822DFD00CDC976 /* Assets.xcassets in Resources */,
				FA7F3EB31D84F65E0048EF7B /* OpenSans-Bold.ttf in Resources */,
				FA01F4671D822DFD00CDC976 /* Main.storyboard in Resources */,
				FA7F3EBC1D84F65E0048EF7B /* OpenSans-SemiboldItalic.ttf in Resources */,
				FA7F3EB81D84F65E0048EF7B /* OpenSans-Light.ttf in Resources */,
				FA7F3EBA1D84F65E0048EF7B /* OpenSans-Regular.ttf in Resources */,
				FA7F3EB61D84F65E0048EF7B /* OpenSans-ExtraBoldItalic.ttf in Resources */,
			);
			runOnlyForDeploymentPostprocessing = 0;
		};
		FA01F4701D822DFD00CDC976 /* Resources */ = {
			isa = PBXResourcesBuildPhase;
			buildActionMask = 2147483647;
			files = (
				FA8302311D8437B600A0ECD1 /* mock.json in Resources */,
				FA896A1E1D85EF4F00EAB1EC /* mockZero.json in Resources */,
			);
			runOnlyForDeploymentPostprocessing = 0;
		};
		FA01F47B1D822DFD00CDC976 /* Resources */ = {
			isa = PBXResourcesBuildPhase;
			buildActionMask = 2147483647;
			files = (
			);
			runOnlyForDeploymentPostprocessing = 0;
		};
/* End PBXResourcesBuildPhase section */

/* Begin PBXShellScriptBuildPhase section */
		22223FC889FE51FCA03E3F8D /* [CP] Embed Pods Frameworks */ = {
			isa = PBXShellScriptBuildPhase;
			buildActionMask = 2147483647;
			files = (
			);
			inputPaths = (
			);
			name = "[CP] Embed Pods Frameworks";
			outputPaths = (
			);
			runOnlyForDeploymentPostprocessing = 0;
			shellPath = /bin/sh;
			shellScript = "\"${SRCROOT}/Pods/Target Support Files/Pods-Poll/Pods-Poll-frameworks.sh\"\n";
			showEnvVarsInLog = 0;
		};
		3073CA4DE9DF0AFC99072386 /* [CP] Check Pods Manifest.lock */ = {
			isa = PBXShellScriptBuildPhase;
			buildActionMask = 2147483647;
			files = (
			);
			inputPaths = (
			);
			name = "[CP] Check Pods Manifest.lock";
			outputPaths = (
			);
			runOnlyForDeploymentPostprocessing = 0;
			shellPath = /bin/sh;
			shellScript = "diff \"${PODS_ROOT}/../Podfile.lock\" \"${PODS_ROOT}/Manifest.lock\" > /dev/null\nif [[ $? != 0 ]] ; then\n    cat << EOM\nerror: The sandbox is not in sync with the Podfile.lock. Run 'pod install' or update your CocoaPods installation.\nEOM\n    exit 1\nfi\n";
			showEnvVarsInLog = 0;
		};
		307B69FA1CA44BBFE16A7C32 /* [CP] Copy Pods Resources */ = {
			isa = PBXShellScriptBuildPhase;
			buildActionMask = 2147483647;
			files = (
			);
			inputPaths = (
			);
			name = "[CP] Copy Pods Resources";
			outputPaths = (
			);
			runOnlyForDeploymentPostprocessing = 0;
			shellPath = /bin/sh;
			shellScript = "\"${SRCROOT}/Pods/Target Support Files/Pods-PollTests/Pods-PollTests-resources.sh\"\n";
			showEnvVarsInLog = 0;
		};
		356158C5C3D2A53C69113704 /* [CP] Copy Pods Resources */ = {
			isa = PBXShellScriptBuildPhase;
			buildActionMask = 2147483647;
			files = (
			);
			inputPaths = (
			);
			name = "[CP] Copy Pods Resources";
			outputPaths = (
			);
			runOnlyForDeploymentPostprocessing = 0;
			shellPath = /bin/sh;
			shellScript = "\"${SRCROOT}/Pods/Target Support Files/Pods-Poll/Pods-Poll-resources.sh\"\n";
			showEnvVarsInLog = 0;
		};
		4C1D6051CE87BC066A843360 /* [CP] Embed Pods Frameworks */ = {
			isa = PBXShellScriptBuildPhase;
			buildActionMask = 2147483647;
			files = (
			);
			inputPaths = (
			);
			name = "[CP] Embed Pods Frameworks";
			outputPaths = (
			);
			runOnlyForDeploymentPostprocessing = 0;
			shellPath = /bin/sh;
			shellScript = "\"${SRCROOT}/Pods/Target Support Files/Pods-PollTests/Pods-PollTests-frameworks.sh\"\n";
			showEnvVarsInLog = 0;
		};
		6AE49AF678A51A447038A060 /* [CP] Check Pods Manifest.lock */ = {
			isa = PBXShellScriptBuildPhase;
			buildActionMask = 2147483647;
			files = (
			);
			inputPaths = (
			);
			name = "[CP] Check Pods Manifest.lock";
			outputPaths = (
			);
			runOnlyForDeploymentPostprocessing = 0;
			shellPath = /bin/sh;
			shellScript = "diff \"${PODS_ROOT}/../Podfile.lock\" \"${PODS_ROOT}/Manifest.lock\" > /dev/null\nif [[ $? != 0 ]] ; then\n    cat << EOM\nerror: The sandbox is not in sync with the Podfile.lock. Run 'pod install' or update your CocoaPods installation.\nEOM\n    exit 1\nfi\n";
			showEnvVarsInLog = 0;
		};
		89945BB313493B8406A600E7 /* [CP] Copy Pods Resources */ = {
			isa = PBXShellScriptBuildPhase;
			buildActionMask = 2147483647;
			files = (
			);
			inputPaths = (
			);
			name = "[CP] Copy Pods Resources";
			outputPaths = (
			);
			runOnlyForDeploymentPostprocessing = 0;
			shellPath = /bin/sh;
			shellScript = "\"${SRCROOT}/Pods/Target Support Files/Pods-PollUITests/Pods-PollUITests-resources.sh\"\n";
			showEnvVarsInLog = 0;
		};
		F3B3F96455C2E09E9F3D10F2 /* [CP] Check Pods Manifest.lock */ = {
			isa = PBXShellScriptBuildPhase;
			buildActionMask = 2147483647;
			files = (
			);
			inputPaths = (
			);
			name = "[CP] Check Pods Manifest.lock";
			outputPaths = (
			);
			runOnlyForDeploymentPostprocessing = 0;
			shellPath = /bin/sh;
			shellScript = "diff \"${PODS_ROOT}/../Podfile.lock\" \"${PODS_ROOT}/Manifest.lock\" > /dev/null\nif [[ $? != 0 ]] ; then\n    cat << EOM\nerror: The sandbox is not in sync with the Podfile.lock. Run 'pod install' or update your CocoaPods installation.\nEOM\n    exit 1\nfi\n";
			showEnvVarsInLog = 0;
		};
/* End PBXShellScriptBuildPhase section */

/* Begin PBXSourcesBuildPhase section */
		FA01F4581D822DFD00CDC976 /* Sources */ = {
			isa = PBXSourcesBuildPhase;
			buildActionMask = 2147483647;
			files = (
				FA7825491D84D9190087C920 /* QuestionsWireframe.swift in Sources */,
				FA83023B1D84C4BC00A0ECD1 /* ChoiceModel.swift in Sources */,
				FA83023D1D84D3A600A0ECD1 /* QuestiosnPresenter.swift in Sources */,
				FA8302391D84C46D00A0ECD1 /* QuestionModel.swift in Sources */,
				FA01F4641D822DFD00CDC976 /* SecondViewController.swift in Sources */,
				FAF0DE121D83B406008C9899 /* Service.swift in Sources */,
				FAF0DE101D83B011008C9899 /* EmumsAndDefs.swift in Sources */,
				FA7F3EC11D84F92E0048EF7B /* CommonProtocols.swift in Sources */,
				FA73B9D01D863B8200D78B1C /* UIView+Utils.swift in Sources */,
				FA896A2C1D861FBC00EAB1EC /* QuestionViewController.swift in Sources */,
				FA8302371D84C2F000A0ECD1 /* QuestionsModel.swift in Sources */,
				FA896A261D85FE3A00EAB1EC /* AnimationButton.swift in Sources */,
				FA8302291D83B87D00A0ECD1 /* QuestionsProtocols.swift in Sources */,
				FA896A241D85FA5200EAB1EC /* Questionnaire+UITableView.swift in Sources */,
				FA8302331D84588400A0ECD1 /* PostRouter.swift in Sources */,
				FAF0DE0C1D839CF5008C9899 /* Configuration.swift in Sources */,
				FA73B9D21D863F8500D78B1C /* QuestionViewController+UITableView.swift in Sources */,
				FA01F4601D822DFD00CDC976 /* AppDelegate.swift in Sources */,
				FA73B9D51D86415800D78B1C /* ChoiceTableViewCell.swift in Sources */,
				FA73B9CD1D8637B200D78B1C /* DismissingAnimator.swift in Sources */,
				FA01F4621D822DFD00CDC976 /* FirstViewController.swift in Sources */,
				FA73B9CC1D8637B200D78B1C /* CommonAnimations.swift in Sources */,
				FAA66FC91D8334DF00868C46 /* QuestionnaireView.swift in Sources */,
				FA73B9CE1D8637B200D78B1C /* PresentingAnimator.swift in Sources */,
				FA896A281D860F6300EAB1EC /* UIColor+ColorUtils.swift in Sources */,
				FA896A201D85F59400EAB1EC /* QuestionTableViewCell.swift in Sources */,
				FA8302351D84C21300A0ECD1 /* QuestionInteractor.swift in Sources */,
				FAF0DE0E1D83A41A008C9899 /* Constants.swift in Sources */,
			);
			runOnlyForDeploymentPostprocessing = 0;
		};
		FA01F46E1D822DFD00CDC976 /* Sources */ = {
			isa = PBXSourcesBuildPhase;
			buildActionMask = 2147483647;
			files = (
				FAA66FCD1D83496400868C46 /* CommonClassesTest.swift in Sources */,
				FAA66FCB1D83490F00868C46 /* QuestionsModuleTest.swift in Sources */,
			);
			runOnlyForDeploymentPostprocessing = 0;
		};
		FA01F4791D822DFD00CDC976 /* Sources */ = {
			isa = PBXSourcesBuildPhase;
			buildActionMask = 2147483647;
			files = (
				FA01F4821D822DFD00CDC976 /* PollUITests.swift in Sources */,
			);
			runOnlyForDeploymentPostprocessing = 0;
		};
/* End PBXSourcesBuildPhase section */

/* Begin PBXTargetDependency section */
		FA01F4741D822DFD00CDC976 /* PBXTargetDependency */ = {
			isa = PBXTargetDependency;
			target = FA01F45B1D822DFD00CDC976 /* Poll */;
			targetProxy = FA01F4731D822DFD00CDC976 /* PBXContainerItemProxy */;
		};
		FA01F47F1D822DFD00CDC976 /* PBXTargetDependency */ = {
			isa = PBXTargetDependency;
			target = FA01F45B1D822DFD00CDC976 /* Poll */;
			targetProxy = FA01F47E1D822DFD00CDC976 /* PBXContainerItemProxy */;
		};
/* End PBXTargetDependency section */

/* Begin PBXVariantGroup section */
		FA01F4651D822DFD00CDC976 /* Main.storyboard */ = {
			isa = PBXVariantGroup;
			children = (
				FA7F3EC81D84FD690048EF7B /* Base */,
			);
			name = Main.storyboard;
			sourceTree = "<group>";
		};
		FA01F46A1D822DFD00CDC976 /* LaunchScreen.storyboard */ = {
			isa = PBXVariantGroup;
			children = (
				FA7F3EC91D84FD690048EF7B /* Base */,
			);
			name = LaunchScreen.storyboard;
			sourceTree = "<group>";
		};
/* End PBXVariantGroup section */

/* Begin XCBuildConfiguration section */
		FA01F4841D822DFD00CDC976 /* Debug */ = {
			isa = XCBuildConfiguration;
			buildSettings = {
				ALWAYS_SEARCH_USER_PATHS = NO;
				CLANG_ANALYZER_NONNULL = YES;
				CLANG_CXX_LANGUAGE_STANDARD = "gnu++0x";
				CLANG_CXX_LIBRARY = "libc++";
				CLANG_ENABLE_MODULES = YES;
				CLANG_ENABLE_OBJC_ARC = YES;
				CLANG_WARN_BOOL_CONVERSION = YES;
				CLANG_WARN_CONSTANT_CONVERSION = YES;
				CLANG_WARN_DIRECT_OBJC_ISA_USAGE = YES_ERROR;
				CLANG_WARN_EMPTY_BODY = YES;
				CLANG_WARN_ENUM_CONVERSION = YES;
				CLANG_WARN_INT_CONVERSION = YES;
				CLANG_WARN_OBJC_ROOT_CLASS = YES_ERROR;
				CLANG_WARN_UNREACHABLE_CODE = YES;
				CLANG_WARN__DUPLICATE_METHOD_MATCH = YES;
				"CODE_SIGN_IDENTITY[sdk=iphoneos*]" = "iPhone Developer";
				COPY_PHASE_STRIP = NO;
				DEBUG_INFORMATION_FORMAT = dwarf;
				ENABLE_STRICT_OBJC_MSGSEND = YES;
				ENABLE_TESTABILITY = YES;
				GCC_C_LANGUAGE_STANDARD = gnu99;
				GCC_DYNAMIC_NO_PIC = NO;
				GCC_NO_COMMON_BLOCKS = YES;
				GCC_OPTIMIZATION_LEVEL = 0;
				GCC_PREPROCESSOR_DEFINITIONS = (
					"DEBUG=1",
					"$(inherited)",
				);
				GCC_WARN_64_TO_32_BIT_CONVERSION = YES;
				GCC_WARN_ABOUT_RETURN_TYPE = YES_ERROR;
				GCC_WARN_UNDECLARED_SELECTOR = YES;
				GCC_WARN_UNINITIALIZED_AUTOS = YES_AGGRESSIVE;
				GCC_WARN_UNUSED_FUNCTION = YES;
				GCC_WARN_UNUSED_VARIABLE = YES;
				IPHONEOS_DEPLOYMENT_TARGET = 9.3;
				MTL_ENABLE_DEBUG_INFO = YES;
				ONLY_ACTIVE_ARCH = YES;
				SDKROOT = iphoneos;
				SWIFT_OPTIMIZATION_LEVEL = "-Onone";
			};
			name = Debug;
		};
		FA01F4851D822DFD00CDC976 /* Release */ = {
			isa = XCBuildConfiguration;
			buildSettings = {
				ALWAYS_SEARCH_USER_PATHS = NO;
				CLANG_ANALYZER_NONNULL = YES;
				CLANG_CXX_LANGUAGE_STANDARD = "gnu++0x";
				CLANG_CXX_LIBRARY = "libc++";
				CLANG_ENABLE_MODULES = YES;
				CLANG_ENABLE_OBJC_ARC = YES;
				CLANG_WARN_BOOL_CONVERSION = YES;
				CLANG_WARN_CONSTANT_CONVERSION = YES;
				CLANG_WARN_DIRECT_OBJC_ISA_USAGE = YES_ERROR;
				CLANG_WARN_EMPTY_BODY = YES;
				CLANG_WARN_ENUM_CONVERSION = YES;
				CLANG_WARN_INT_CONVERSION = YES;
				CLANG_WARN_OBJC_ROOT_CLASS = YES_ERROR;
				CLANG_WARN_UNREACHABLE_CODE = YES;
				CLANG_WARN__DUPLICATE_METHOD_MATCH = YES;
				"CODE_SIGN_IDENTITY[sdk=iphoneos*]" = "iPhone Developer";
				COPY_PHASE_STRIP = NO;
				DEBUG_INFORMATION_FORMAT = "dwarf-with-dsym";
				ENABLE_NS_ASSERTIONS = NO;
				ENABLE_STRICT_OBJC_MSGSEND = YES;
				GCC_C_LANGUAGE_STANDARD = gnu99;
				GCC_NO_COMMON_BLOCKS = YES;
				GCC_WARN_64_TO_32_BIT_CONVERSION = YES;
				GCC_WARN_ABOUT_RETURN_TYPE = YES_ERROR;
				GCC_WARN_UNDECLARED_SELECTOR = YES;
				GCC_WARN_UNINITIALIZED_AUTOS = YES_AGGRESSIVE;
				GCC_WARN_UNUSED_FUNCTION = YES;
				GCC_WARN_UNUSED_VARIABLE = YES;
				IPHONEOS_DEPLOYMENT_TARGET = 9.3;
				MTL_ENABLE_DEBUG_INFO = NO;
				SDKROOT = iphoneos;
				VALIDATE_PRODUCT = YES;
			};
			name = Release;
		};
		FA01F4871D822DFD00CDC976 /* Debug */ = {
			isa = XCBuildConfiguration;
			baseConfigurationReference = 46E3A62CD95D4B69D2F227B3 /* Pods-Poll.debug.xcconfig */;
			buildSettings = {
				ASSETCATALOG_COMPILER_APPICON_NAME = AppIcon;
				INFOPLIST_FILE = Poll/Info.plist;
				LD_RUNPATH_SEARCH_PATHS = "$(inherited) @executable_path/Frameworks";
				PRODUCT_BUNDLE_IDENTIFIER = com.webcat.test.Poll;
				PRODUCT_NAME = "$(TARGET_NAME)";
			};
			name = Debug;
		};
		FA01F4881D822DFD00CDC976 /* Release */ = {
			isa = XCBuildConfiguration;
			baseConfigurationReference = 594F602DADA4B1C66A654310 /* Pods-Poll.release.xcconfig */;
			buildSettings = {
				ASSETCATALOG_COMPILER_APPICON_NAME = AppIcon;
				INFOPLIST_FILE = Poll/Info.plist;
				LD_RUNPATH_SEARCH_PATHS = "$(inherited) @executable_path/Frameworks";
				PRODUCT_BUNDLE_IDENTIFIER = com.webcat.test.Poll;
				PRODUCT_NAME = "$(TARGET_NAME)";
			};
			name = Release;
		};
		FA01F48A1D822DFD00CDC976 /* Debug */ = {
			isa = XCBuildConfiguration;
			baseConfigurationReference = 5B59F2A6E16882100AF02861 /* Pods-PollTests.debug.xcconfig */;
			buildSettings = {
				BUNDLE_LOADER = "$(TEST_HOST)";
				FRAMEWORK_SEARCH_PATHS = "$(inherited)";
				INFOPLIST_FILE = PollTests/Info.plist;
				LD_RUNPATH_SEARCH_PATHS = "$(inherited) @executable_path/Frameworks @loader_path/Frameworks";
				PRODUCT_BUNDLE_IDENTIFIER = com.webcat.test.PollTests;
				PRODUCT_NAME = "$(TARGET_NAME)";
				TEST_HOST = "$(BUILT_PRODUCTS_DIR)/Poll.app/Poll";
			};
			name = Debug;
		};
		FA01F48B1D822DFD00CDC976 /* Release */ = {
			isa = XCBuildConfiguration;
			baseConfigurationReference = 62FAEF14D2C1809B8A72A808 /* Pods-PollTests.release.xcconfig */;
			buildSettings = {
				BUNDLE_LOADER = "$(TEST_HOST)";
				FRAMEWORK_SEARCH_PATHS = "$(inherited)";
				INFOPLIST_FILE = PollTests/Info.plist;
				LD_RUNPATH_SEARCH_PATHS = "$(inherited) @executable_path/Frameworks @loader_path/Frameworks";
				PRODUCT_BUNDLE_IDENTIFIER = com.webcat.test.PollTests;
				PRODUCT_NAME = "$(TARGET_NAME)";
				TEST_HOST = "$(BUILT_PRODUCTS_DIR)/Poll.app/Poll";
			};
			name = Release;
		};
		FA01F48D1D822DFD00CDC976 /* Debug */ = {
			isa = XCBuildConfiguration;
			baseConfigurationReference = 34C64158C6A287D2D015109A /* Pods-PollUITests.debug.xcconfig */;
			buildSettings = {
				INFOPLIST_FILE = PollUITests/Info.plist;
				LD_RUNPATH_SEARCH_PATHS = "$(inherited) @executable_path/Frameworks @loader_path/Frameworks";
				PRODUCT_BUNDLE_IDENTIFIER = com.webcat.test.PollUITests;
				PRODUCT_NAME = "$(TARGET_NAME)";
				TEST_TARGET_NAME = Poll;
			};
			name = Debug;
		};
		FA01F48E1D822DFD00CDC976 /* Release */ = {
			isa = XCBuildConfiguration;
			baseConfigurationReference = 4A704F23CB91E72288F54E55 /* Pods-PollUITests.release.xcconfig */;
			buildSettings = {
				INFOPLIST_FILE = PollUITests/Info.plist;
				LD_RUNPATH_SEARCH_PATHS = "$(inherited) @executable_path/Frameworks @loader_path/Frameworks";
				PRODUCT_BUNDLE_IDENTIFIER = com.webcat.test.PollUITests;
				PRODUCT_NAME = "$(TARGET_NAME)";
				TEST_TARGET_NAME = Poll;
			};
			name = Release;
		};
/* End XCBuildConfiguration section */

/* Begin XCConfigurationList section */
		FA01F4571D822DFD00CDC976 /* Build configuration list for PBXProject "Poll" */ = {
			isa = XCConfigurationList;
			buildConfigurations = (
				FA01F4841D822DFD00CDC976 /* Debug */,
				FA01F4851D822DFD00CDC976 /* Release */,
			);
			defaultConfigurationIsVisible = 0;
			defaultConfigurationName = Release;
		};
		FA01F4861D822DFD00CDC976 /* Build configuration list for PBXNativeTarget "Poll" */ = {
			isa = XCConfigurationList;
			buildConfigurations = (
				FA01F4871D822DFD00CDC976 /* Debug */,
				FA01F4881D822DFD00CDC976 /* Release */,
			);
			defaultConfigurationIsVisible = 0;
			defaultConfigurationName = Release;
		};
		FA01F4891D822DFD00CDC976 /* Build configuration list for PBXNativeTarget "PollTests" */ = {
			isa = XCConfigurationList;
			buildConfigurations = (
				FA01F48A1D822DFD00CDC976 /* Debug */,
				FA01F48B1D822DFD00CDC976 /* Release */,
			);
			defaultConfigurationIsVisible = 0;
			defaultConfigurationName = Release;
		};
		FA01F48C1D822DFD00CDC976 /* Build configuration list for PBXNativeTarget "PollUITests" */ = {
			isa = XCConfigurationList;
			buildConfigurations = (
				FA01F48D1D822DFD00CDC976 /* Debug */,
				FA01F48E1D822DFD00CDC976 /* Release */,
			);
			defaultConfigurationIsVisible = 0;
			defaultConfigurationName = Release;
		};
/* End XCConfigurationList section */
	};
	rootObject = FA01F4541D822DFD00CDC976 /* Project object */;
}
